
Microsoft Visual Studio Solution File, Format Version 12.00
# Visual Studio 2013
VisualStudioVersion = 12.0.30723.0
MinimumVisualStudioVersion = 10.0.40219.1
Project("{FAE04EC0-301F-11D3-BF4B-00C04F79EFBC}") = "LeagueBuildStats", "LeagueBuildStats\LeagueBuildStats.csproj", "{71A6F8F9-3BBD-43B0-A240-4855B477AB4E}"
EndProject
Project("{FAE04EC0-301F-11D3-BF4B-00C04F79EFBC}") = "RiotSharp-Custom", "RiotSharp-Custom\RiotSharp-Custom.csproj", "{3815E113-140C-4EE7-B0B9-7797C9352311}"
EndProject
Project("{FAE04EC0-301F-11D3-BF4B-00C04F79EFBC}") = "LeagueBuildStatsTests", "LeagueBuildStatsTests\LeagueBuildStatsTests.csproj", "{03606349-C2AD-40BF-961D-F76BC38A68D8}"
EndProject
Global
	GlobalSection(SolutionConfigurationPlatforms) = preSolution
		Debug|Any CPU = Debug|Any CPU
		Debug|Mixed Platforms = Debug|Mixed Platforms
		Debug|x86 = Debug|x86
		Release|Any CPU = Release|Any CPU
		Release|Mixed Platforms = Release|Mixed Platforms
		Release|x86 = Release|x86
	EndGlobalSection
	GlobalSection(ProjectConfigurationPlatforms) = postSolution
		{71A6F8F9-3BBD-43B0-A240-4855B477AB4E}.Debug|Any CPU.ActiveCfg = Debug|Any CPU
		{71A6F8F9-3BBD-43B0-A240-4855B477AB4E}.Debug|Any CPU.Build.0 = Debug|Any CPU
		{71A6F8F9-3BBD-43B0-A240-4855B477AB4E}.Debug|Mixed Platforms.ActiveCfg = Debug|Any CPU
		{71A6F8F9-3BBD-43B0-A240-4855B477AB4E}.Debug|Mixed Platforms.Build.0 = Debug|Any CPU
		{71A6F8F9-3BBD-43B0-A240-4855B477AB4E}.Debug|x86.ActiveCfg = Debug|Any CPU
		{71A6F8F9-3BBD-43B0-A240-4855B477AB4E}.Release|Any CPU.ActiveCfg = Release|Any CPU
		{71A6F8F9-3BBD-43B0-A240-4855B477AB4E}.Release|Any CPU.Build.0 = Release|Any CPU
		{71A6F8F9-3BBD-43B0-A240-4855B477AB4E}.Release|Mixed Platforms.ActiveCfg = Release|Any CPU
		{71A6F8F9-3BBD-43B0-A240-4855B477AB4E}.Release|Mixed Platforms.Build.0 = Release|Any CPU
		{71A6F8F9-3BBD-43B0-A240-4855B477AB4E}.Release|x86.ActiveCfg = Release|Any CPU
		{3815E113-140C-4EE7-B0B9-7797C9352311}.Debug|Any CPU.ActiveCfg = Debug|Any CPU
		{3815E113-140C-4EE7-B0B9-7797C9352311}.Debug|Any CPU.Build.0 = Debug|Any CPU
		{3815E113-140C-4EE7-B0B9-7797C9352311}.Debug|Mixed Platforms.ActiveCfg = Debug|Any CPU
		{3815E113-140C-4EE7-B0B9-7797C9352311}.Debug|Mixed Platforms.Build.0 = Debug|Any CPU
		{3815E113-140C-4EE7-B0B9-7797C9352311}.Debug|x86.ActiveCfg = Debug|Any CPU
		{3815E113-140C-4EE7-B0B9-7797C9352311}.Release|Any CPU.ActiveCfg = Release|Any CPU
		{3815E113-140C-4EE7-B0B9-7797C9352311}.Release|Any CPU.Build.0 = Release|Any CPU
		{3815E113-140C-4EE7-B0B9-7797C9352311}.Release|Mixed Platforms.ActiveCfg = Release|Any CPU
		{3815E113-140C-4EE7-B0B9-7797C9352311}.Release|Mixed Platforms.Build.0 = Release|Any CPU
		{3815E113-140C-4EE7-B0B9-7797C9352311}.Release|x86.ActiveCfg = Release|Any CPU
		{03606349-C2AD-40BF-961D-F76BC38A68D8}.Debug|Any CPU.ActiveCfg = Debug|Any CPU
		{03606349-C2AD-40BF-961D-F76BC38A68D8}.Debug|Any CPU.Build.0 = Debug|Any CPU
		{03606349-C2AD-40BF-961D-F76BC38A68D8}.Debug|Mixed Platforms.ActiveCfg = Debug|Any CPU
		{03606349-C2AD-40BF-961D-F76BC38A68D8}.Debug|Mixed Platforms.Build.0 = Debug|Any CPU
		{03606349-C2AD-40BF-961D-F76BC38A68D8}.Debug|x86.ActiveCfg = Debug|Any CPU
		{03606349-C2AD-40BF-961D-F76BC38A68D8}.Release|Any CPU.ActiveCfg = Release|Any CPU
		{03606349-C2AD-40BF-961D-F76BC38A68D8}.Release|Any CPU.Build.0 = Release|Any CPU
		{03606349-C2AD-40BF-961D-F76BC38A68D8}.Release|Mixed Platforms.ActiveCfg = Release|Any CPU
		{03606349-C2AD-40BF-961D-F76BC38A68D8}.Release|Mixed Platforms.Build.0 = Release|Any CPU
		{03606349-C2AD-40BF-961D-F76BC38A68D8}.Release|x86.ActiveCfg = Release|Any CPU
	EndGlobalSection
	GlobalSection(SolutionProperties) = preSolution
		HideSolutionNode = FALSE
	EndGlobalSection
EndGlobal
